
Microsoft Visual Studio Solution File, Format Version 9.00
# Visual Studio 2005
Project("{FAE04EC0-301F-11D3-BF4B-00C04F79EFBC}") = "WindowsApplication1", "WindowsApplication1\WindowsApplication1.csproj", "{38087BAF-4D41-4FE1-90C9-D0A832E366EE}"
EndProject
Global
	GlobalSection(SolutionConfigurationPlatforms) = preSolution
		Debug|Any CPU = Debug|Any CPU
		Release|Any CPU = Release|Any CPU
	EndGlobalSection
	GlobalSection(ProjectConfigurationPlatforms) = postSolution
		{38087BAF-4D41-4FE1-90C9-D0A832E366EE}.Debug|Any CPU.ActiveCfg = Debug|Any CPU
		{38087BAF-4D41-4FE1-90C9-D0A832E366EE}.Debug|Any CPU.Build.0 = Debug|Any CPU
		{38087BAF-4D41-4FE1-90C9-D0A832E366EE}.Release|Any CPU.ActiveCfg = Release|Any CPU
		{38087BAF-4D41-4FE1-90C9-D0A832E366EE}.Release|Any CPU.Build.0 = Release|Any CPU
	EndGlobalSection
	GlobalSection(SolutionProperties) = preSolution
		HideSolutionNode = FALSE
	EndGlobalSection
EndGlobal
